{
  "version": 4,
  "terraform_version": "0.12.24",
  "serial": 24,
  "lineage": "11776aa4-19e4-546a-2c5c-3daa1d6e14e5",
  "outputs": {},
  "resources": [
    {
      "mode": "data",
      "type": "archive_file",
      "name": "code",
      "provider": "provider.archive",
      "instances": [
        {
          "schema_version": 0,
          "attributes": {
            "excludes": null,
            "id": "351264207d4eb57d6bbe0ee1cddb068055dc0ec9",
            "output_base64sha256": "g0bhC2ReY4CL38Qsr48VB4OJRXjv9coFoeGL2QOh6Bo=",
            "output_md5": "18ab080ba7c5fe85fb936e2fd6a505e1",
            "output_path": "outputs/code.zip",
            "output_sha": "351264207d4eb57d6bbe0ee1cddb068055dc0ec9",
            "output_size": 486,
            "source": [],
            "source_content": null,
            "source_content_filename": null,
            "source_dir": null,
            "source_file": "code.py",
            "type": "zip"
          }
        }
      ]
    },
    {
      "mode": "managed",
      "type": "aws_api_gateway_integration",
      "name": "integration",
      "provider": "provider.aws",
      "instances": [
        {
          "schema_version": 0,
          "attributes": {
            "cache_key_parameters": [],
            "cache_namespace": "9tyv47",
            "connection_id": "",
            "connection_type": "INTERNET",
            "content_handling": "",
            "credentials": "",
            "http_method": "POST",
            "id": "agi-tnkjt8iprg-9tyv47-POST",
            "integration_http_method": "POST",
            "passthrough_behavior": "WHEN_NO_MATCH",
            "request_parameters": {},
            "request_parameters_in_json": null,
            "request_templates": {},
            "resource_id": "9tyv47",
            "rest_api_id": "tnkjt8iprg",
            "timeout_milliseconds": 29000,
            "type": "AWS",
            "uri": "arn:aws:apigateway:ap-south-1:lambda:path/2015-03-31/functions/arn:aws:lambda:ap-south-1:681904993460:function:mylambda/invocations"
          },
          "private": "bnVsbA==",
          "dependencies": [
            "aws_api_gateway_method.method",
            "aws_api_gateway_resource.resource",
            "aws_api_gateway_rest_api.api",
            "aws_iam_role.role",
            "aws_lambda_function.lambda"
          ]
        }
      ]
    },
    {
      "mode": "managed",
      "type": "aws_api_gateway_integration_response",
      "name": "Integration_Response",
      "provider": "provider.aws",
      "instances": [
        {
          "schema_version": 0,
          "attributes": {
            "content_handling": "",
            "http_method": "POST",
            "id": "agir-tnkjt8iprg-9tyv47-POST-200",
            "resource_id": "9tyv47",
            "response_parameters": {},
            "response_parameters_in_json": null,
            "response_templates": {},
            "rest_api_id": "tnkjt8iprg",
            "selection_pattern": "",
            "status_code": "200"
          },
          "private": "bnVsbA==",
          "dependencies": [
            "aws_api_gateway_integration.integration",
            "aws_api_gateway_method.method",
            "aws_api_gateway_method_response.response_200",
            "aws_api_gateway_resource.resource",
            "aws_api_gateway_rest_api.api",
            "aws_iam_role.role",
            "aws_lambda_function.lambda"
          ]
        }
      ]
    },
    {
      "mode": "managed",
      "type": "aws_api_gateway_method",
      "name": "method",
      "provider": "provider.aws",
      "instances": [
        {
          "schema_version": 0,
          "attributes": {
            "api_key_required": false,
            "authorization": "NONE",
            "authorization_scopes": [],
            "authorizer_id": "",
            "http_method": "POST",
            "id": "agm-tnkjt8iprg-9tyv47-POST",
            "request_models": {},
            "request_parameters": {},
            "request_parameters_in_json": null,
            "request_validator_id": "",
            "resource_id": "9tyv47",
            "rest_api_id": "tnkjt8iprg"
          },
          "private": "bnVsbA==",
          "dependencies": [
            "aws_api_gateway_resource.resource",
            "aws_api_gateway_rest_api.api"
          ]
        }
      ]
    },
    {
      "mode": "managed",
      "type": "aws_api_gateway_method_response",
      "name": "response_200",
      "provider": "provider.aws",
      "instances": [
        {
          "schema_version": 0,
          "attributes": {
            "http_method": "POST",
            "id": "agmr-tnkjt8iprg-9tyv47-POST-200",
            "resource_id": "9tyv47",
            "response_models": {},
            "response_parameters": {},
            "response_parameters_in_json": null,
            "rest_api_id": "tnkjt8iprg",
            "status_code": "200"
          },
          "private": "bnVsbA==",
          "dependencies": [
            "aws_api_gateway_method.method",
            "aws_api_gateway_resource.resource",
            "aws_api_gateway_rest_api.api"
          ]
        }
      ]
    },
    {
      "mode": "managed",
      "type": "aws_api_gateway_resource",
      "name": "resource",
      "provider": "provider.aws",
      "instances": [
        {
          "schema_version": 0,
          "attributes": {
            "id": "9tyv47",
            "parent_id": "gd1goh668c",
            "path": "/Student_Record",
            "path_part": "Student_Record",
            "rest_api_id": "tnkjt8iprg"
          },
          "private": "bnVsbA==",
          "dependencies": [
            "aws_api_gateway_rest_api.api"
          ]
        }
      ]
    },
    {
      "mode": "managed",
      "type": "aws_api_gateway_rest_api",
      "name": "api",
      "provider": "provider.aws",
      "instances": [
        {
          "schema_version": 0,
          "attributes": {
            "api_key_source": "HEADER",
            "arn": "arn:aws:apigateway:ap-south-1::/restapis/tnkjt8iprg",
            "binary_media_types": [],
            "body": null,
            "created_date": "2020-06-24T18:13:49Z",
            "description": "",
            "endpoint_configuration": [
              {
                "types": [
                  "EDGE"
                ],
                "vpc_endpoint_ids": []
              }
            ],
            "execution_arn": "arn:aws:execute-api:ap-south-1:681904993460:tnkjt8iprg",
            "id": "tnkjt8iprg",
            "minimum_compression_size": -1,
            "name": "API1",
            "policy": "",
            "root_resource_id": "gd1goh668c",
            "tags": {}
          },
          "private": "bnVsbA=="
        }
      ]
    },
    {
      "mode": "managed",
      "type": "aws_iam_policy",
      "name": "policy",
      "provider": "provider.aws",
      "instances": [
        {
          "schema_version": 0,
          "attributes": {
            "arn": "arn:aws:iam::681904993460:policy/test-policy",
            "description": "",
            "id": "arn:aws:iam::681904993460:policy/test-policy",
            "name": "test-policy",
            "name_prefix": null,
            "path": "/",
            "policy": "{\r\n    \"Version\": \"2012-10-17\",\r\n    \"Statement\": [\r\n        {\r\n            \"Effect\": \"Allow\",\r\n            \"Action\": \"*\",\r\n            \"Resource\": \"*\"\r\n        }\r\n    ]\r\n}\r\n"
          },
          "private": "bnVsbA=="
        }
      ]
    },
    {
      "mode": "managed",
      "type": "aws_iam_role",
      "name": "role",
      "provider": "provider.aws",
      "instances": [
        {
          "schema_version": 0,
          "attributes": {
            "arn": "arn:aws:iam::681904993460:role/myrole",
            "assume_role_policy": "{\"Version\":\"2012-10-17\",\"Statement\":[{\"Sid\":\"\",\"Effect\":\"Allow\",\"Principal\":{\"Service\":\"lambda.amazonaws.com\"},\"Action\":\"sts:AssumeRole\"}]}",
            "create_date": "2020-06-24T18:32:45Z",
            "description": "",
            "force_detach_policies": false,
            "id": "myrole",
            "max_session_duration": 3600,
            "name": "myrole",
            "name_prefix": null,
            "path": "/",
            "permissions_boundary": null,
            "tags": null,
            "unique_id": "AROAZ5RFUOS2CTVEBQWHE"
          },
          "private": "bnVsbA=="
        }
      ]
    },
    {
      "mode": "managed",
      "type": "aws_iam_role_policy_attachment",
      "name": "attach-policies",
      "provider": "provider.aws",
      "instances": [
        {
          "schema_version": 0,
          "attributes": {
            "id": "myrole-20200624183248703000000001",
            "policy_arn": "arn:aws:iam::681904993460:policy/test-policy",
            "role": "myrole"
          },
          "private": "bnVsbA==",
          "dependencies": [
            "aws_iam_policy.policy",
            "aws_iam_role.role"
          ]
        }
      ]
    },
    {
      "mode": "managed",
      "type": "aws_lambda_function",
      "name": "lambda",
      "provider": "provider.aws",
      "instances": [
        {
          "schema_version": 0,
          "attributes": {
            "arn": "arn:aws:lambda:ap-south-1:681904993460:function:mylambda",
            "dead_letter_config": [],
            "description": "",
            "environment": [],
            "file_system_config": [],
            "filename": "outputs/code.zip",
            "function_name": "mylambda",
            "handler": "code.lambda_handler",
            "id": "mylambda",
            "invoke_arn": "arn:aws:apigateway:ap-south-1:lambda:path/2015-03-31/functions/arn:aws:lambda:ap-south-1:681904993460:function:mylambda/invocations",
            "kms_key_arn": "",
            "last_modified": "2020-06-24T18:33:02.613+0000",
            "layers": null,
            "memory_size": 128,
            "publish": false,
            "qualified_arn": "arn:aws:lambda:ap-south-1:681904993460:function:mylambda:$LATEST",
            "reserved_concurrent_executions": -1,
            "role": "arn:aws:iam::681904993460:role/myrole",
            "runtime": "python3.7",
            "s3_bucket": null,
            "s3_key": null,
            "s3_object_version": null,
            "source_code_hash": "g0bhC2ReY4CL38Qsr48VB4OJRXjv9coFoeGL2QOh6Bo=",
            "source_code_size": 486,
            "tags": null,
            "timeout": 3,
            "timeouts": null,
            "tracing_config": [
              {
                "mode": "PassThrough"
              }
            ],
            "version": "$LATEST",
            "vpc_config": []
          },
          "private": "eyJlMmJmYjczMC1lY2FhLTExZTYtOGY4OC0zNDM2M2JjN2M0YzAiOnsiY3JlYXRlIjo2MDAwMDAwMDAwMDB9fQ==",
          "dependencies": [
            "aws_iam_role.role"
          ]
        }
      ]
    },
    {
      "mode": "managed",
      "type": "aws_lambda_permission",
      "name": "apigw_lambda",
      "provider": "provider.aws",
      "instances": [
        {
          "schema_version": 0,
          "attributes": {
            "action": "lambda:InvokeFunction",
            "event_source_token": null,
            "function_name": "mylambda",
            "id": "AllowExecutionFromAPIGateway",
            "principal": "apigateway.amazonaws.com",
            "qualifier": "",
            "source_account": null,
            "source_arn": null,
            "statement_id": "AllowExecutionFromAPIGateway",
            "statement_id_prefix": null
          },
          "private": "bnVsbA=="
        }
      ]
    }
  ]
}
