{
  "version": 4,
  "terraform_version": "0.12.24",
  "serial": 8,
  "lineage": "d928bbf5-f0e8-e174-3b82-36aa96d3c32b",
  "outputs": {},
  "resources": [
    {
      "mode": "data",
      "type": "archive_file",
      "name": "code",
      "provider": "provider.archive",
      "instances": [
        {
          "schema_version": 0,
          "attributes": {
            "excludes": null,
            "id": "e612b9b1336319d02bf6ddfa1386692c494da203",
            "output_base64sha256": "ZzRE6DMcmHVEIRyhtWn8qLuCHgSsTjhnAl+3R8yAvWY=",
            "output_md5": "993f8b2f3a2109238657d71840782a05",
            "output_path": "outputs/code.zip",
            "output_sha": "e612b9b1336319d02bf6ddfa1386692c494da203",
            "output_size": 796,
            "source": [],
            "source_content": null,
            "source_content_filename": null,
            "source_dir": null,
            "source_file": "code.py",
            "type": "zip"
          }
        }
      ]
    },
    {
      "mode": "managed",
      "type": "aws_iam_policy",
      "name": "policy",
      "provider": "provider.aws",
      "instances": [
        {
          "schema_version": 0,
          "attributes": {
            "arn": "arn:aws:iam::681904993460:policy/test-policy",
            "description": "",
            "id": "arn:aws:iam::681904993460:policy/test-policy",
            "name": "test-policy",
            "name_prefix": null,
            "path": "/",
            "policy": "{\r\n    \"Version\": \"2012-10-17\",\r\n    \"Statement\": [\r\n        {\r\n            \"Effect\": \"Allow\",\r\n            \"Action\": \"*\",\r\n            \"Resource\": \"*\"\r\n        }\r\n    ]\r\n}\r\n"
          },
          "private": "bnVsbA=="
        }
      ]
    },
    {
      "mode": "managed",
      "type": "aws_iam_role",
      "name": "lambdaRole",
      "provider": "provider.aws",
      "instances": [
        {
          "schema_version": 0,
          "attributes": {
            "arn": "arn:aws:iam::681904993460:role/lambdaRole",
            "assume_role_policy": "{\"Version\":\"2012-10-17\",\"Statement\":[{\"Sid\":\"\",\"Effect\":\"Allow\",\"Principal\":{\"Service\":\"lambda.amazonaws.com\"},\"Action\":\"sts:AssumeRole\"}]}",
            "create_date": "2020-06-24T08:25:27Z",
            "description": "",
            "force_detach_policies": false,
            "id": "lambdaRole",
            "max_session_duration": 3600,
            "name": "lambdaRole",
            "name_prefix": null,
            "path": "/",
            "permissions_boundary": null,
            "tags": null,
            "unique_id": "AROAZ5RFUOS2PXN6H54UA"
          },
          "private": "bnVsbA=="
        }
      ]
    },
    {
      "mode": "managed",
      "type": "aws_iam_role_policy_attachment",
      "name": "attach-policies",
      "provider": "provider.aws",
      "instances": [
        {
          "schema_version": 0,
          "attributes": {
            "id": "lambdaRole-20200624082529805300000001",
            "policy_arn": "arn:aws:iam::681904993460:policy/test-policy",
            "role": "lambdaRole"
          },
          "private": "bnVsbA==",
          "dependencies": [
            "aws_iam_policy.policy",
            "aws_iam_role.lambdaRole"
          ]
        }
      ]
    },
    {
      "mode": "managed",
      "type": "aws_lambda_function",
      "name": "test_lambda",
      "provider": "provider.aws",
      "instances": [
        {
          "schema_version": 0,
          "attributes": {
            "arn": "arn:aws:lambda:ap-south-1:681904993460:function:Demo",
            "dead_letter_config": [],
            "description": "",
            "environment": [],
            "file_system_config": [],
            "filename": "outputs/code.zip",
            "function_name": "Demo",
            "handler": "code.lambda_handler",
            "id": "Demo",
            "invoke_arn": "arn:aws:apigateway:ap-south-1:lambda:path/2015-03-31/functions/arn:aws:lambda:ap-south-1:681904993460:function:Demo/invocations",
            "kms_key_arn": "",
            "last_modified": "2020-06-24T08:25:44.437+0000",
            "layers": null,
            "memory_size": 128,
            "publish": false,
            "qualified_arn": "arn:aws:lambda:ap-south-1:681904993460:function:Demo:$LATEST",
            "reserved_concurrent_executions": -1,
            "role": "arn:aws:iam::681904993460:role/lambdaRole",
            "runtime": "python3.7",
            "s3_bucket": null,
            "s3_key": null,
            "s3_object_version": null,
            "source_code_hash": "ZzRE6DMcmHVEIRyhtWn8qLuCHgSsTjhnAl+3R8yAvWY=",
            "source_code_size": 796,
            "tags": null,
            "timeout": 3,
            "timeouts": null,
            "tracing_config": [
              {
                "mode": "PassThrough"
              }
            ],
            "version": "$LATEST",
            "vpc_config": []
          },
          "private": "eyJlMmJmYjczMC1lY2FhLTExZTYtOGY4OC0zNDM2M2JjN2M0YzAiOnsiY3JlYXRlIjo2MDAwMDAwMDAwMDB9fQ==",
          "dependencies": [
            "aws_iam_role.lambdaRole"
          ]
        }
      ]
    }
  ]
}
